// !$*UTF8*$!
{
	archiveVersion = 1;
	classes = {
	};
	objectVersion = 50;
	objects = {

/* Begin PBXBuildFile section */
		F460C46C23606BE30035DC49 /* MainModel.swift in Sources */ = {isa = PBXBuildFile; fileRef = F460C46B23606BE30035DC49 /* MainModel.swift */; };
		F460C46F23632D370035DC49 /* TakingPictureService.swift in Sources */ = {isa = PBXBuildFile; fileRef = F460C46E23632D370035DC49 /* TakingPictureService.swift */; };
		F479DA2A235F30100035112B /* AppDelegate.swift in Sources */ = {isa = PBXBuildFile; fileRef = F479DA29235F30100035112B /* AppDelegate.swift */; };
		F479DA2C235F30100035112B /* SceneDelegate.swift in Sources */ = {isa = PBXBuildFile; fileRef = F479DA2B235F30100035112B /* SceneDelegate.swift */; };
		F479DA2E235F30100035112B /* ViewController.swift in Sources */ = {isa = PBXBuildFile; fileRef = F479DA2D235F30100035112B /* ViewController.swift */; };
		F479DA31235F30100035112B /* Main.storyboard in Resources */ = {isa = PBXBuildFile; fileRef = F479DA2F235F30100035112B /* Main.storyboard */; };
		F479DA33235F30110035112B /* Assets.xcassets in Resources */ = {isa = PBXBuildFile; fileRef = F479DA32235F30110035112B /* Assets.xcassets */; };
		F479DA36235F30110035112B /* LaunchScreen.storyboard in Resources */ = {isa = PBXBuildFile; fileRef = F479DA34235F30110035112B /* LaunchScreen.storyboard */; };
		F479DA40235F31F70035112B /* CameraViewController.swift in Sources */ = {isa = PBXBuildFile; fileRef = F479DA3F235F31F70035112B /* CameraViewController.swift */; };
		F479DA47235F3D330035112B /* TakingPicturePresenter.swift in Sources */ = {isa = PBXBuildFile; fileRef = F479DA46235F3D330035112B /* TakingPicturePresenter.swift */; };
/* End PBXBuildFile section */

/* Begin PBXFileReference section */
		F460C46B23606BE30035DC49 /* MainModel.swift */ = {isa = PBXFileReference; lastKnownFileType = sourcecode.swift; path = MainModel.swift; sourceTree = "<group>"; };
		F460C46E23632D370035DC49 /* TakingPictureService.swift */ = {isa = PBXFileReference; lastKnownFileType = sourcecode.swift; path = TakingPictureService.swift; sourceTree = "<group>"; };
		F479DA26235F30100035112B /* UntraceablePicture.app */ = {isa = PBXFileReference; explicitFileType = wrapper.application; includeInIndex = 0; path = UntraceablePicture.app; sourceTree = BUILT_PRODUCTS_DIR; };
		F479DA29235F30100035112B /* AppDelegate.swift */ = {isa = PBXFileReference; lastKnownFileType = sourcecode.swift; path = AppDelegate.swift; sourceTree = "<group>"; };
		F479DA2B235F30100035112B /* SceneDelegate.swift */ = {isa = PBXFileReference; lastKnownFileType = sourcecode.swift; path = SceneDelegate.swift; sourceTree = "<group>"; };
		F479DA2D235F30100035112B /* ViewController.swift */ = {isa = PBXFileReference; lastKnownFileType = sourcecode.swift; path = ViewController.swift; sourceTree = "<group>"; };
		F479DA30235F30100035112B /* Base */ = {isa = PBXFileReference; lastKnownFileType = file.storyboard; name = Base; path = Base.lproj/Main.storyboard; sourceTree = "<group>"; };
		F479DA32235F30110035112B /* Assets.xcassets */ = {isa = PBXFileReference; lastKnownFileType = folder.assetcatalog; path = Assets.xcassets; sourceTree = "<group>"; };
		F479DA35235F30110035112B /* Base */ = {isa = PBXFileReference; lastKnownFileType = file.storyboard; name = Base; path = Base.lproj/LaunchScreen.storyboard; sourceTree = "<group>"; };
		F479DA37235F30110035112B /* Info.plist */ = {isa = PBXFileReference; lastKnownFileType = text.plist.xml; path = Info.plist; sourceTree = "<group>"; };
		F479DA3F235F31F70035112B /* CameraViewController.swift */ = {isa = PBXFileReference; lastKnownFileType = sourcecode.swift; path = CameraViewController.swift; sourceTree = "<group>"; };
		F479DA46235F3D330035112B /* TakingPicturePresenter.swift */ = {isa = PBXFileReference; lastKnownFileType = sourcecode.swift; path = TakingPicturePresenter.swift; sourceTree = "<group>"; };
/* End PBXFileReference section */

/* Begin PBXFrameworksBuildPhase section */
		F479DA23235F30100035112B /* Frameworks */ = {
			isa = PBXFrameworksBuildPhase;
			buildActionMask = 2147483647;
			files = (
			);
			runOnlyForDeploymentPostprocessing = 0;
		};
/* End PBXFrameworksBuildPhase section */

/* Begin PBXGroup section */
		F460C46D23632C9C0035DC49 /* DataSource */ = {
			isa = PBXGroup;
			children = (
				F460C46E23632D370035DC49 /* TakingPictureService.swift */,
			);
			path = DataSource;
			sourceTree = "<group>";
		};
		F479DA1D235F30100035112B = {
			isa = PBXGroup;
			children = (
				F479DA28235F30100035112B /* UntraceablePicture */,
				F479DA27235F30100035112B /* Products */,
			);
			sourceTree = "<group>";
		};
		F479DA27235F30100035112B /* Products */ = {
			isa = PBXGroup;
			children = (
				F479DA26235F30100035112B /* UntraceablePicture.app */,
			);
			name = Products;
			sourceTree = "<group>";
		};
		F479DA28235F30100035112B /* UntraceablePicture */ = {
			isa = PBXGroup;
			children = (
				F460C46D23632C9C0035DC49 /* DataSource */,
				F479DA45235F3C4B0035112B /* Views */,
				F479DA44235F3C330035112B /* Presenters */,
				F479DA43235F3C2E0035112B /* Models */,
				F479DA29235F30100035112B /* AppDelegate.swift */,
				F479DA2B235F30100035112B /* SceneDelegate.swift */,
				F479DA2F235F30100035112B /* Main.storyboard */,
				F479DA32235F30110035112B /* Assets.xcassets */,
				F479DA34235F30110035112B /* LaunchScreen.storyboard */,
				F479DA37235F30110035112B /* Info.plist */,
			);
			path = UntraceablePicture;
			sourceTree = "<group>";
		};
		F479DA43235F3C2E0035112B /* Models */ = {
			isa = PBXGroup;
			children = (
				F460C46B23606BE30035DC49 /* MainModel.swift */,
			);
			path = Models;
			sourceTree = "<group>";
		};
		F479DA44235F3C330035112B /* Presenters */ = {
			isa = PBXGroup;
			children = (
				F479DA46235F3D330035112B /* TakingPicturePresenter.swift */,
			);
			path = Presenters;
			sourceTree = "<group>";
		};
		F479DA45235F3C4B0035112B /* Views */ = {
			isa = PBXGroup;
			children = (
				F479DA2D235F30100035112B /* ViewController.swift */,
				F479DA3F235F31F70035112B /* CameraViewController.swift */,
			);
			path = Views;
			sourceTree = "<group>";
		};
/* End PBXGroup section */

/* Begin PBXNativeTarget section */
		F479DA25235F30100035112B /* UntraceablePicture */ = {
			isa = PBXNativeTarget;
			buildConfigurationList = F479DA3A235F30110035112B /* Build configuration list for PBXNativeTarget "UntraceablePicture" */;
			buildPhases = (
				F479DA22235F30100035112B /* Sources */,
				F479DA23235F30100035112B /* Frameworks */,
				F479DA24235F30100035112B /* Resources */,
			);
			buildRules = (
			);
			dependencies = (
			);
			name = UntraceablePicture;
			productName = UntraceablePicture;
			productReference = F479DA26235F30100035112B /* UntraceablePicture.app */;
			productType = "com.apple.product-type.application";
		};
/* End PBXNativeTarget section */

/* Begin PBXProject section */
		F479DA1E235F30100035112B /* Project object */ = {
			isa = PBXProject;
			attributes = {
				LastSwiftUpdateCheck = 1100;
				LastUpgradeCheck = 1100;
				ORGANIZATIONNAME = "Tim Bastiaans";
				TargetAttributes = {
					F479DA25235F30100035112B = {
						CreatedOnToolsVersion = 11.0;
					};
				};
			};
			buildConfigurationList = F479DA21235F30100035112B /* Build configuration list for PBXProject "UntraceablePicture" */;
			compatibilityVersion = "Xcode 9.3";
			developmentRegion = en;
			hasScannedForEncodings = 0;
			knownRegions = (
				en,
				Base,
			);
			mainGroup = F479DA1D235F30100035112B;
			productRefGroup = F479DA27235F30100035112B /* Products */;
			projectDirPath = "";
			projectRoot = "";
			targets = (
				F479DA25235F30100035112B /* UntraceablePicture */,
			);
		};
/* End PBXProject section */

/* Begin PBXResourcesBuildPhase section */
		F479DA24235F30100035112B /* Resources */ = {
			isa = PBXResourcesBuildPhase;
			buildActionMask = 2147483647;
			files = (
				F479DA36235F30110035112B /* LaunchScreen.storyboard in Resources */,
				F479DA33235F30110035112B /* Assets.xcassets in Resources */,
				F479DA31235F30100035112B /* Main.storyboard in Resources */,
			);
			runOnlyForDeploymentPostprocessing = 0;
		};
/* End PBXResourcesBuildPhase section */

/* Begin PBXSourcesBuildPhase section */
		F479DA22235F30100035112B /* Sources */ = {
			isa = PBXSourcesBuildPhase;
			buildActionMask = 2147483647;
			files = (
				F460C46F23632D370035DC49 /* TakingPictureService.swift in Sources */,
				F479DA2E235F30100035112B /* ViewController.swift in Sources */,
				F479DA40235F31F70035112B /* CameraViewController.swift in Sources */,
				F460C46C23606BE30035DC49 /* MainModel.swift in Sources */,
				F479DA2A235F30100035112B /* AppDelegate.swift in Sources */,
				F479DA2C235F30100035112B /* SceneDelegate.swift in Sources */,
				F479DA47235F3D330035112B /* TakingPicturePresenter.swift in Sources */,
			);
			runOnlyForDeploymentPostprocessing = 0;
		};
/* End PBXSourcesBuildPhase section */

/* Begin PBXVariantGroup section */
		F479DA2F235F30100035112B /* Main.storyboard */ = {
			isa = PBXVariantGroup;
			children = (
				F479DA30235F30100035112B /* Base */,
			);
			name = Main.storyboard;
			sourceTree = "<group>";
		};
		F479DA34235F30110035112B /* LaunchScreen.storyboard */ = {
			isa = PBXVariantGroup;
			children = (
				F479DA35235F30110035112B /* Base */,
			);
			name = LaunchScreen.storyboard;
			sourceTree = "<group>";
		};
/* End PBXVariantGroup section */

/* Begin XCBuildConfiguration section */
		F479DA38235F30110035112B /* Debug */ = {
			isa = XCBuildConfiguration;
			buildSettings = {
				ALWAYS_SEARCH_USER_PATHS = NO;
				CLANG_ANALYZER_NONNULL = YES;
				CLANG_ANALYZER_NUMBER_OBJECT_CONVERSION = YES_AGGRESSIVE;
				CLANG_CXX_LANGUAGE_STANDARD = "gnu++14";
				CLANG_CXX_LIBRARY = "libc++";
				CLANG_ENABLE_MODULES = YES;
				CLANG_ENABLE_OBJC_ARC = YES;
				CLANG_ENABLE_OBJC_WEAK = YES;
				CLANG_WARN_BLOCK_CAPTURE_AUTORELEASING = YES;
				CLANG_WARN_BOOL_CONVERSION = YES;
				CLANG_WARN_COMMA = YES;
				CLANG_WARN_CONSTANT_CONVERSION = YES;
				CLANG_WARN_DEPRECATED_OBJC_IMPLEMENTATIONS = YES;
				CLANG_WARN_DIRECT_OBJC_ISA_USAGE = YES_ERROR;
				CLANG_WARN_DOCUMENTATION_COMMENTS = YES;
				CLANG_WARN_EMPTY_BODY = YES;
				CLANG_WARN_ENUM_CONVERSION = YES;
				CLANG_WARN_INFINITE_RECURSION = YES;
				CLANG_WARN_INT_CONVERSION = YES;
				CLANG_WARN_NON_LITERAL_NULL_CONVERSION = YES;
				CLANG_WARN_OBJC_IMPLICIT_RETAIN_SELF = YES;
				CLANG_WARN_OBJC_LITERAL_CONVERSION = YES;
				CLANG_WARN_OBJC_ROOT_CLASS = YES_ERROR;
				CLANG_WARN_RANGE_LOOP_ANALYSIS = YES;
				CLANG_WARN_STRICT_PROTOTYPES = YES;
				CLANG_WARN_SUSPICIOUS_MOVE = YES;
				CLANG_WARN_UNGUARDED_AVAILABILITY = YES_AGGRESSIVE;
				CLANG_WARN_UNREACHABLE_CODE = YES;
				CLANG_WARN__DUPLICATE_METHOD_MATCH = YES;
				COPY_PHASE_STRIP = NO;
				DEBUG_INFORMATION_FORMAT = dwarf;
				ENABLE_STRICT_OBJC_MSGSEND = YES;
				ENABLE_TESTABILITY = YES;
				GCC_C_LANGUAGE_STANDARD = gnu11;
				GCC_DYNAMIC_NO_PIC = NO;
				GCC_NO_COMMON_BLOCKS = YES;
				GCC_OPTIMIZATION_LEVEL = 0;
				GCC_PREPROCESSOR_DEFINITIONS = (
					"DEBUG=1",
					"$(inherited)",
				);
				GCC_WARN_64_TO_32_BIT_CONVERSION = YES;
				GCC_WARN_ABOUT_RETURN_TYPE = YES_ERROR;
				GCC_WARN_UNDECLARED_SELECTOR = YES;
				GCC_WARN_UNINITIALIZED_AUTOS = YES_AGGRESSIVE;
				GCC_WARN_UNUSED_FUNCTION = YES;
				GCC_WARN_UNUSED_VARIABLE = YES;
				IPHONEOS_DEPLOYMENT_TARGET = 13.0;
				MTL_ENABLE_DEBUG_INFO = INCLUDE_SOURCE;
				MTL_FAST_MATH = YES;
				ONLY_ACTIVE_ARCH = YES;
				SDKROOT = iphoneos;
				SWIFT_ACTIVE_COMPILATION_CONDITIONS = DEBUG;
				SWIFT_OPTIMIZATION_LEVEL = "-Onone";
			};
			name = Debug;
		};
		F479DA39235F30110035112B /* Release */ = {
			isa = XCBuildConfiguration;
			buildSettings = {
				ALWAYS_SEARCH_USER_PATHS = NO;
				CLANG_ANALYZER_NONNULL = YES;
				CLANG_ANALYZER_NUMBER_OBJECT_CONVERSION = YES_AGGRESSIVE;
				CLANG_CXX_LANGUAGE_STANDARD = "gnu++14";
				CLANG_CXX_LIBRARY = "libc++";
				CLANG_ENABLE_MODULES = YES;
				CLANG_ENABLE_OBJC_ARC = YES;
				CLANG_ENABLE_OBJC_WEAK = YES;
				CLANG_WARN_BLOCK_CAPTURE_AUTORELEASING = YES;
				CLANG_WARN_BOOL_CONVERSION = YES;
				CLANG_WARN_COMMA = YES;
				CLANG_WARN_CONSTANT_CONVERSION = YES;
				CLANG_WARN_DEPRECATED_OBJC_IMPLEMENTATIONS = YES;
				CLANG_WARN_DIRECT_OBJC_ISA_USAGE = YES_ERROR;
				CLANG_WARN_DOCUMENTATION_COMMENTS = YES;
				CLANG_WARN_EMPTY_BODY = YES;
				CLANG_WARN_ENUM_CONVERSION = YES;
				CLANG_WARN_INFINITE_RECURSION = YES;
				CLANG_WARN_INT_CONVERSION = YES;
				CLANG_WARN_NON_LITERAL_NULL_CONVERSION = YES;
				CLANG_WARN_OBJC_IMPLICIT_RETAIN_SELF = YES;
				CLANG_WARN_OBJC_LITERAL_CONVERSION = YES;
				CLANG_WARN_OBJC_ROOT_CLASS = YES_ERROR;
				CLANG_WARN_RANGE_LOOP_ANALYSIS = YES;
				CLANG_WARN_STRICT_PROTOTYPES = YES;
				CLANG_WARN_SUSPICIOUS_MOVE = YES;
				CLANG_WARN_UNGUARDED_AVAILABILITY = YES_AGGRESSIVE;
				CLANG_WARN_UNREACHABLE_CODE = YES;
				CLANG_WARN__DUPLICATE_METHOD_MATCH = YES;
				COPY_PHASE_STRIP = NO;
				DEBUG_INFORMATION_FORMAT = "dwarf-with-dsym";
				ENABLE_NS_ASSERTIONS = NO;
				ENABLE_STRICT_OBJC_MSGSEND = YES;
				GCC_C_LANGUAGE_STANDARD = gnu11;
				GCC_NO_COMMON_BLOCKS = YES;
				GCC_WARN_64_TO_32_BIT_CONVERSION = YES;
				GCC_WARN_ABOUT_RETURN_TYPE = YES_ERROR;
				GCC_WARN_UNDECLARED_SELECTOR = YES;
				GCC_WARN_UNINITIALIZED_AUTOS = YES_AGGRESSIVE;
				GCC_WARN_UNUSED_FUNCTION = YES;
				GCC_WARN_UNUSED_VARIABLE = YES;
				IPHONEOS_DEPLOYMENT_TARGET = 13.0;
				MTL_ENABLE_DEBUG_INFO = NO;
				MTL_FAST_MATH = YES;
				SDKROOT = iphoneos;
				SWIFT_COMPILATION_MODE = wholemodule;
				SWIFT_OPTIMIZATION_LEVEL = "-O";
				VALIDATE_PRODUCT = YES;
			};
			name = Release;
		};
		F479DA3B235F30110035112B /* Debug */ = {
			isa = XCBuildConfiguration;
			buildSettings = {
				ASSETCATALOG_COMPILER_APPICON_NAME = AppIcon;
				CODE_SIGN_STYLE = Automatic;
				DEVELOPMENT_TEAM = WSMFNW6S7G;
				INFOPLIST_FILE = UntraceablePicture/Info.plist;
				LD_RUNPATH_SEARCH_PATHS = (
					"$(inherited)",
					"@executable_path/Frameworks",
				);
				PRODUCT_BUNDLE_IDENTIFIER = Han.dia.end.Arian.Tim.UntraceablePicture;
				PRODUCT_NAME = "$(TARGET_NAME)";
				SWIFT_VERSION = 5.0;
				TARGETED_DEVICE_FAMILY = "1,2";
			};
			name = Debug;
		};
		F479DA3C235F30110035112B /* Release */ = {
			isa = XCBuildConfiguration;
			buildSettings = {
				ASSETCATALOG_COMPILER_APPICON_NAME = AppIcon;
				CODE_SIGN_STYLE = Automatic;
				DEVELOPMENT_TEAM = WSMFNW6S7G;
				INFOPLIST_FILE = UntraceablePicture/Info.plist;
				LD_RUNPATH_SEARCH_PATHS = (
					"$(inherited)",
					"@executable_path/Frameworks",
				);
				PRODUCT_BUNDLE_IDENTIFIER = Han.dia.end.Arian.Tim.UntraceablePicture;
				PRODUCT_NAME = "$(TARGET_NAME)";
				SWIFT_VERSION = 5.0;
				TARGETED_DEVICE_FAMILY = "1,2";
			};
			name = Release;
		};
/* End XCBuildConfiguration section */

/* Begin XCConfigurationList section */
		F479DA21235F30100035112B /* Build configuration list for PBXProject "UntraceablePicture" */ = {
			isa = XCConfigurationList;
			buildConfigurations = (
				F479DA38235F30110035112B /* Debug */,
				F479DA39235F30110035112B /* Release */,
			);
			defaultConfigurationIsVisible = 0;
			defaultConfigurationName = Release;
		};
		F479DA3A235F30110035112B /* Build configuration list for PBXNativeTarget "UntraceablePicture" */ = {
			isa = XCConfigurationList;
			buildConfigurations = (
				F479DA3B235F30110035112B /* Debug */,
				F479DA3C235F30110035112B /* Release */,
			);
			defaultConfigurationIsVisible = 0;
			defaultConfigurationName = Release;
		};
/* End XCConfigurationList section */
	};
	rootObject = F479DA1E235F30100035112B /* Project object */;
}
